
Microsoft Visual Studio Solution File, Format Version 12.00
# Visual Studio Version 17
VisualStudioVersion = 17.8.34511.84
MinimumVisualStudioVersion = 10.0.40219.1
Project("{FAE04EC0-301F-11D3-BF4B-00C04F79EFBC}") = "COMP003A.Assignment4", "COMP003A.Assignment4.csproj", "{EFE90B49-E202-4279-BBF7-7F298503F6C2}"
EndProject
Global
	GlobalSection(SolutionConfigurationPlatforms) = preSolution
		Debug|Any CPU = Debug|Any CPU
		Release|Any CPU = Release|Any CPU
	EndGlobalSection
	GlobalSection(ProjectConfigurationPlatforms) = postSolution
		{EFE90B49-E202-4279-BBF7-7F298503F6C2}.Debug|Any CPU.ActiveCfg = Debug|Any CPU
		{EFE90B49-E202-4279-BBF7-7F298503F6C2}.Debug|Any CPU.Build.0 = Debug|Any CPU
		{EFE90B49-E202-4279-BBF7-7F298503F6C2}.Release|Any CPU.ActiveCfg = Release|Any CPU
		{EFE90B49-E202-4279-BBF7-7F298503F6C2}.Release|Any CPU.Build.0 = Release|Any CPU
	EndGlobalSection
	GlobalSection(SolutionProperties) = preSolution
		HideSolutionNode = FALSE
	EndGlobalSection
	GlobalSection(ExtensibilityGlobals) = postSolution
		SolutionGuid = {779DEB25-B169-4BC6-B92B-8CA73D17C1D8}
	EndGlobalSection
EndGlobal
